<Solution>
  <Folder Name="/src/">
    <Project Path="src/DocumentMetadataService.Api/DocumentMetadataService.Api.csproj" />
  </Folder>
  <Folder Name="/tests/">
    <Project Path="tests/DocumentMetadataService.IntegrationTests/DocumentMetadataService.IntegrationTests.csproj" />
  </Folder>
</Solution>
